
Microsoft Visual Studio Solution File, Format Version 12.00
# Visual Studio Version 17
VisualStudioVersion = 17.13.35825.156 d17.13
MinimumVisualStudioVersion = 10.0.40219.1
Project("{FAE04EC0-301F-11D3-BF4B-00C04F79EFBC}") = "bot_for_tasks", "bot_for_tasks\bot_for_tasks.csproj", "{68FF5F18-D528-44D3-B7BB-C9E0BEA06E87}"
EndProject
Global
	GlobalSection(SolutionConfigurationPlatforms) = preSolution
		Debug|Any CPU = Debug|Any CPU
		Release|Any CPU = Release|Any CPU
	EndGlobalSection
	GlobalSection(ProjectConfigurationPlatforms) = postSolution
		{68FF5F18-D528-44D3-B7BB-C9E0BEA06E87}.Debug|Any CPU.ActiveCfg = Debug|Any CPU
		{68FF5F18-D528-44D3-B7BB-C9E0BEA06E87}.Debug|Any CPU.Build.0 = Debug|Any CPU
		{68FF5F18-D528-44D3-B7BB-C9E0BEA06E87}.Release|Any CPU.ActiveCfg = Release|Any CPU
		{68FF5F18-D528-44D3-B7BB-C9E0BEA06E87}.Release|Any CPU.Build.0 = Release|Any CPU
	EndGlobalSection
	GlobalSection(SolutionProperties) = preSolution
		HideSolutionNode = FALSE
	EndGlobalSection
	GlobalSection(ExtensibilityGlobals) = postSolution
		SolutionGuid = {075F8CBB-9CED-4957-96EA-294FEB9562E3}
	EndGlobalSection
EndGlobal
